
Microsoft Visual Studio Solution File, Format Version 12.00
# Visual Studio Version 17
VisualStudioVersion = 17.6.33829.357
MinimumVisualStudioVersion = 10.0.40219.1
Project("{FAE04EC0-301F-11D3-BF4B-00C04F79EFBC}") = "WebApplicationnewforGit shilpykumari1013", "WebApplicationnewforGit shilpykumari1013\WebApplicationnewforGit shilpykumari1013.csproj", "{4EC36524-32A2-4FD1-BB28-AE4B3DF1AF40}"
EndProject
Global
	GlobalSection(SolutionConfigurationPlatforms) = preSolution
		Debug|Any CPU = Debug|Any CPU
		Release|Any CPU = Release|Any CPU
	EndGlobalSection
	GlobalSection(ProjectConfigurationPlatforms) = postSolution
		{4EC36524-32A2-4FD1-BB28-AE4B3DF1AF40}.Debug|Any CPU.ActiveCfg = Debug|Any CPU
		{4EC36524-32A2-4FD1-BB28-AE4B3DF1AF40}.Debug|Any CPU.Build.0 = Debug|Any CPU
		{4EC36524-32A2-4FD1-BB28-AE4B3DF1AF40}.Release|Any CPU.ActiveCfg = Release|Any CPU
		{4EC36524-32A2-4FD1-BB28-AE4B3DF1AF40}.Release|Any CPU.Build.0 = Release|Any CPU
	EndGlobalSection
	GlobalSection(SolutionProperties) = preSolution
		HideSolutionNode = FALSE
	EndGlobalSection
	GlobalSection(ExtensibilityGlobals) = postSolution
		SolutionGuid = {6DB30359-E792-44A1-BF96-E752F7033267}
	EndGlobalSection
EndGlobal
